// !$*UTF8*$!
{
	archiveVersion = 1;
	classes = {
	};
	objectVersion = 47;
	objects = {

/* Begin PBXBuildFile section */
		5B16AA2F1C8676A70019E4F8 /* WelcomeButtonsController.swift in Sources */ = {isa = PBXBuildFile; fileRef = 5B16AA2E1C8676A70019E4F8 /* WelcomeButtonsController.swift */; };
		5B3140401BFBA2DA003644D9 /* Database_Tests.swift in Sources */ = {isa = PBXBuildFile; fileRef = 93BC90441A74C84200A63932 /* Database_Tests.swift */; };
		5B3BCDEE1C07B1C2007C8A2E /* CategoryView.xib in Resources */ = {isa = PBXBuildFile; fileRef = 5B3BCDED1C07B1C2007C8A2E /* CategoryView.xib */; };
		5B3BCDF01C07B5B9007C8A2E /* CategoryView.swift in Sources */ = {isa = PBXBuildFile; fileRef = 5B3BCDEF1C07B5B9007C8A2E /* CategoryView.swift */; };
		5B55BC7C1C6A9CED005B81F7 /* Instructions.framework in Embed Frameworks */ = {isa = PBXBuildFile; fileRef = 5B536D681C6A96F60007081C /* Instructions.framework */; settings = {ATTRIBUTES = (CodeSignOnCopy, RemoveHeadersOnCopy, ); }; };
		5B55BC7D1C6A9D04005B81F7 /* Instructions.framework in Frameworks */ = {isa = PBXBuildFile; fileRef = 5B536D681C6A96F60007081C /* Instructions.framework */; };
		5B922F0A1BDA7C4E00F851D3 /* DetailCell.swift in Sources */ = {isa = PBXBuildFile; fileRef = 5B922F091BDA7C4E00F851D3 /* DetailCell.swift */; };
		5B9679FC1BBE13D400DBEB61 /* Protocol.swift in Sources */ = {isa = PBXBuildFile; fileRef = 5B9679FB1BBE13D400DBEB61 /* Protocol.swift */; };
		5B9DE8AA1C6D2D3A0065BFCA /* Tutorial.swift in Sources */ = {isa = PBXBuildFile; fileRef = 5B9DE8A91C6D2D3A0065BFCA /* Tutorial.swift */; };
		5B9DE8B31C6E7AF40065BFCA /* Realm.framework in Frameworks */ = {isa = PBXBuildFile; fileRef = 5B9DE8AB1C6E7ADF0065BFCA /* Realm.framework */; };
		5B9DE8B41C6E7AF40065BFCA /* Realm.framework in Embed Frameworks */ = {isa = PBXBuildFile; fileRef = 5B9DE8AB1C6E7ADF0065BFCA /* Realm.framework */; settings = {ATTRIBUTES = (CodeSignOnCopy, RemoveHeadersOnCopy, ); }; };
		5B9DE8B51C6E7AF40065BFCA /* RealmSwift.framework in Frameworks */ = {isa = PBXBuildFile; fileRef = 5B9DE8AD1C6E7ADF0065BFCA /* RealmSwift.framework */; };
		5B9DE8B61C6E7AF40065BFCA /* RealmSwift.framework in Embed Frameworks */ = {isa = PBXBuildFile; fileRef = 5B9DE8AD1C6E7ADF0065BFCA /* RealmSwift.framework */; settings = {ATTRIBUTES = (CodeSignOnCopy, RemoveHeadersOnCopy, ); }; };
		5BB55CB71BA8ABF700F43891 /* Style.swift in Sources */ = {isa = PBXBuildFile; fileRef = 5BB55CB61BA8ABF700F43891 /* Style.swift */; };
		5BB60D4D1BD00D57003408D0 /* Time_Tests.swift in Sources */ = {isa = PBXBuildFile; fileRef = 9320D5881A7476A50013018C /* Time_Tests.swift */; };
		5BDE190A1C1A2E8400DF8F95 /* Clock.swift in Sources */ = {isa = PBXBuildFile; fileRef = 5BDE19091C1A2E8400DF8F95 /* Clock.swift */; };
		5BF78C481BD86F8A0082F1BC /* Time_to_Budget_UITests.swift in Sources */ = {isa = PBXBuildFile; fileRef = 5BF78C471BD86F8A0082F1BC /* Time_to_Budget_UITests.swift */; };
		5BF979491C0290CB00F005EC /* CategoryCell.xib in Resources */ = {isa = PBXBuildFile; fileRef = 5BF979441C0290CB00F005EC /* CategoryCell.xib */; };
		5BF9794A1C0290CB00F005EC /* DetailCell.xib in Resources */ = {isa = PBXBuildFile; fileRef = 5BF979451C0290CB00F005EC /* DetailCell.xib */; };
		5BF9794C1C0290CB00F005EC /* SubtitleDetailCell.xib in Resources */ = {isa = PBXBuildFile; fileRef = 5BF979471C0290CB00F005EC /* SubtitleDetailCell.xib */; };
		5BF979511C02A7F400F005EC /* MemoTextfieldCell.swift in Sources */ = {isa = PBXBuildFile; fileRef = 5BF979501C02A7F400F005EC /* MemoTextfieldCell.swift */; };
		5BFCB0D81C84F1880004C3B6 /* WelcomeViewController.swift in Sources */ = {isa = PBXBuildFile; fileRef = 5BFCB0D71C84F1880004C3B6 /* WelcomeViewController.swift */; };
		9320D56F1A74625B0013018C /* MarshalOperator.swift in Sources */ = {isa = PBXBuildFile; fileRef = 9320D56E1A74625B0013018C /* MarshalOperator.swift */; };
		93223B491A86840500365D3A /* RecordEditorViewController.swift in Sources */ = {isa = PBXBuildFile; fileRef = 93223B481A86840500365D3A /* RecordEditorViewController.swift */; };
		9385F1741AA397C8000C8726 /* SettingsViewController.swift in Sources */ = {isa = PBXBuildFile; fileRef = 9385F1731AA397C8000C8726 /* SettingsViewController.swift */; };
		9385F1761AA39D30000C8726 /* TaskEditorViewController.swift in Sources */ = {isa = PBXBuildFile; fileRef = 9385F1751AA39D30000C8726 /* TaskEditorViewController.swift */; };
		9385F1781AA3A248000C8726 /* NameTextfieldCell.swift in Sources */ = {isa = PBXBuildFile; fileRef = 9385F1771AA3A248000C8726 /* NameTextfieldCell.swift */; };
		9385F17A1AA3C3A3000C8726 /* TaskEditorTimePickerViewController.swift in Sources */ = {isa = PBXBuildFile; fileRef = 9385F1791AA3C3A3000C8726 /* TaskEditorTimePickerViewController.swift */; };
		9385F17C1AA3C805000C8726 /* TaskEditorCategorySelectorViewController.swift in Sources */ = {isa = PBXBuildFile; fileRef = 9385F17B1AA3C805000C8726 /* TaskEditorCategorySelectorViewController.swift */; };
		93967CBA1AB22D2000D46CF6 /* BudgetHistoryListViewController.swift in Sources */ = {isa = PBXBuildFile; fileRef = 93967CB91AB22D2000D46CF6 /* BudgetHistoryListViewController.swift */; };
		93967CBD1AB22D4900D46CF6 /* BudgetHistoryRecordsViewController.swift in Sources */ = {isa = PBXBuildFile; fileRef = 93967CBC1AB22D4900D46CF6 /* BudgetHistoryRecordsViewController.swift */; };
		93967CBF1AB22D5800D46CF6 /* BudgetHistoryRecordViewController.swift in Sources */ = {isa = PBXBuildFile; fileRef = 93967CBE1AB22D5800D46CF6 /* BudgetHistoryRecordViewController.swift */; };
		93967CC11AB2310900D46CF6 /* BudgetHistoryViewController.swift in Sources */ = {isa = PBXBuildFile; fileRef = 93967CC01AB2310900D46CF6 /* BudgetHistoryViewController.swift */; };
		939DB8901AA2CD330047C108 /* SubtitleDetailCell.swift in Sources */ = {isa = PBXBuildFile; fileRef = 939DB88F1AA2CD330047C108 /* SubtitleDetailCell.swift */; };
		93B2E5F31A9032B80058372F /* RecordEditorTaskSelectorViewController.swift in Sources */ = {isa = PBXBuildFile; fileRef = 93B2E5F21A9032B80058372F /* RecordEditorTaskSelectorViewController.swift */; };
		93B2E5F51A903E790058372F /* RecordEditorTimePickerViewController.swift in Sources */ = {isa = PBXBuildFile; fileRef = 93B2E5F41A903E790058372F /* RecordEditorTimePickerViewController.swift */; };
		93B2E5F71A903E890058372F /* RecordEditorDatePickerViewController.swift in Sources */ = {isa = PBXBuildFile; fileRef = 93B2E5F61A903E890058372F /* RecordEditorDatePickerViewController.swift */; };
		93F0E4ED1A720B64009D95EC /* AppDelegate.swift in Sources */ = {isa = PBXBuildFile; fileRef = 93F0E4EC1A720B64009D95EC /* AppDelegate.swift */; };
		93F0E4F41A720B64009D95EC /* Images.xcassets in Resources */ = {isa = PBXBuildFile; fileRef = 93F0E4F31A720B64009D95EC /* Images.xcassets */; };
		93F0E4F71A720B64009D95EC /* LaunchScreen.xib in Resources */ = {isa = PBXBuildFile; fileRef = 93F0E4F51A720B64009D95EC /* LaunchScreen.xib */; };
		93F0E50D1A720BD4009D95EC /* iPhone.storyboard in Resources */ = {isa = PBXBuildFile; fileRef = 93F0E50C1A720BD4009D95EC /* iPhone.storyboard */; };
		93F0E5201A720BF4009D95EC /* Category.swift in Sources */ = {isa = PBXBuildFile; fileRef = 93F0E5101A720BF4009D95EC /* Category.swift */; };
		93F0E5211A720BF4009D95EC /* CategoryCell.swift in Sources */ = {isa = PBXBuildFile; fileRef = 93F0E5111A720BF4009D95EC /* CategoryCell.swift */; };
		93F0E5241A720BF4009D95EC /* Factory.swift in Sources */ = {isa = PBXBuildFile; fileRef = 93F0E5141A720BF4009D95EC /* Factory.swift */; };
		93F0E5251A720BF4009D95EC /* Record.swift in Sources */ = {isa = PBXBuildFile; fileRef = 93F0E5151A720BF4009D95EC /* Record.swift */; };
		93F0E5261A720BF4009D95EC /* RecordsViewController.swift in Sources */ = {isa = PBXBuildFile; fileRef = 93F0E5161A720BF4009D95EC /* RecordsViewController.swift */; };
		93F0E5271A720BF4009D95EC /* Task.swift in Sources */ = {isa = PBXBuildFile; fileRef = 93F0E5171A720BF4009D95EC /* Task.swift */; };
		93F0E52A1A720BF4009D95EC /* Time.swift in Sources */ = {isa = PBXBuildFile; fileRef = 93F0E51A1A720BF4009D95EC /* Time.swift */; };
		93F0E53C1A721396009D95EC /* Database.swift in Sources */ = {isa = PBXBuildFile; fileRef = 93F0E53B1A721396009D95EC /* Database.swift */; };
		93F0E53E1A7214E1009D95EC /* Budget.swift in Sources */ = {isa = PBXBuildFile; fileRef = 93F0E53D1A7214E1009D95EC /* Budget.swift */; };
		93F0E5401A72194D009D95EC /* BudgetEditorViewController.swift in Sources */ = {isa = PBXBuildFile; fileRef = 93F0E53F1A72194D009D95EC /* BudgetEditorViewController.swift */; };
		93F0E5421A721960009D95EC /* BudgetViewController.swift in Sources */ = {isa = PBXBuildFile; fileRef = 93F0E5411A721960009D95EC /* BudgetViewController.swift */; };
/* End PBXBuildFile section */

/* Begin PBXContainerItemProxy section */
		5BF78C4A1BD86F8A0082F1BC /* PBXContainerItemProxy */ = {
			isa = PBXContainerItemProxy;
			containerPortal = 93F0E4DF1A720B64009D95EC /* Project object */;
			proxyType = 1;
			remoteGlobalIDString = 93F0E4E61A720B64009D95EC;
			remoteInfo = "Time to Budget";
		};
		9320D57B1A746E900013018C /* PBXContainerItemProxy */ = {
			isa = PBXContainerItemProxy;
			containerPortal = 93F0E4DF1A720B64009D95EC /* Project object */;
			proxyType = 1;
			remoteGlobalIDString = 93F0E4E61A720B64009D95EC;
			remoteInfo = "Time to Budget";
		};
/* End PBXContainerItemProxy section */

/* Begin PBXCopyFilesBuildPhase section */
		5BF78C401BD85B420082F1BC /* Embed Frameworks */ = {
			isa = PBXCopyFilesBuildPhase;
			buildActionMask = 2147483647;
			dstPath = "";
			dstSubfolderSpec = 10;
			files = (
				5B9DE8B41C6E7AF40065BFCA /* Realm.framework in Embed Frameworks */,
				5B55BC7C1C6A9CED005B81F7 /* Instructions.framework in Embed Frameworks */,
				5B9DE8B61C6E7AF40065BFCA /* RealmSwift.framework in Embed Frameworks */,
			);
			name = "Embed Frameworks";
			runOnlyForDeploymentPostprocessing = 0;
		};
/* End PBXCopyFilesBuildPhase section */

/* Begin PBXFileReference section */
		5B16AA2E1C8676A70019E4F8 /* WelcomeButtonsController.swift */ = {isa = PBXFileReference; fileEncoding = 4; lastKnownFileType = sourcecode.swift; path = WelcomeButtonsController.swift; sourceTree = "<group>"; };
		5B3BCDED1C07B1C2007C8A2E /* CategoryView.xib */ = {isa = PBXFileReference; fileEncoding = 4; lastKnownFileType = file.xib; path = CategoryView.xib; sourceTree = "<group>"; };
		5B3BCDEF1C07B5B9007C8A2E /* CategoryView.swift */ = {isa = PBXFileReference; fileEncoding = 4; lastKnownFileType = sourcecode.swift; path = CategoryView.swift; sourceTree = "<group>"; };
		5B536D681C6A96F60007081C /* Instructions.framework */ = {isa = PBXFileReference; lastKnownFileType = wrapper.framework; path = Instructions.framework; sourceTree = SOURCE_ROOT; };
		5B922F091BDA7C4E00F851D3 /* DetailCell.swift */ = {isa = PBXFileReference; fileEncoding = 4; lastKnownFileType = sourcecode.swift; path = DetailCell.swift; sourceTree = "<group>"; };
		5B9679FB1BBE13D400DBEB61 /* Protocol.swift */ = {isa = PBXFileReference; fileEncoding = 4; lastKnownFileType = sourcecode.swift; path = Protocol.swift; sourceTree = "<group>"; };
		5B9DE8A91C6D2D3A0065BFCA /* Tutorial.swift */ = {isa = PBXFileReference; fileEncoding = 4; lastKnownFileType = sourcecode.swift; path = Tutorial.swift; sourceTree = "<group>"; };
		5B9DE8AB1C6E7ADF0065BFCA /* Realm.framework */ = {isa = PBXFileReference; lastKnownFileType = wrapper.framework; path = Realm.framework; sourceTree = SOURCE_ROOT; };
		5B9DE8AD1C6E7ADF0065BFCA /* RealmSwift.framework */ = {isa = PBXFileReference; lastKnownFileType = wrapper.framework; path = RealmSwift.framework; sourceTree = SOURCE_ROOT; };
		5BB55CB61BA8ABF700F43891 /* Style.swift */ = {isa = PBXFileReference; fileEncoding = 4; lastKnownFileType = sourcecode.swift; path = Style.swift; sourceTree = "<group>"; };
		5BDE19091C1A2E8400DF8F95 /* Clock.swift */ = {isa = PBXFileReference; fileEncoding = 4; lastKnownFileType = sourcecode.swift; path = Clock.swift; sourceTree = "<group>"; };
		5BF78C451BD86F8A0082F1BC /* Time to Budget UITests.xctest */ = {isa = PBXFileReference; explicitFileType = wrapper.cfbundle; includeInIndex = 0; path = "Time to Budget UITests.xctest"; sourceTree = BUILT_PRODUCTS_DIR; };
		5BF78C471BD86F8A0082F1BC /* Time_to_Budget_UITests.swift */ = {isa = PBXFileReference; lastKnownFileType = sourcecode.swift; path = Time_to_Budget_UITests.swift; sourceTree = "<group>"; };
		5BF78C491BD86F8A0082F1BC /* Info.plist */ = {isa = PBXFileReference; lastKnownFileType = text.plist.xml; path = Info.plist; sourceTree = "<group>"; };
		5BF979441C0290CB00F005EC /* CategoryCell.xib */ = {isa = PBXFileReference; fileEncoding = 4; lastKnownFileType = file.xib; path = CategoryCell.xib; sourceTree = "<group>"; };
		5BF979451C0290CB00F005EC /* DetailCell.xib */ = {isa = PBXFileReference; fileEncoding = 4; lastKnownFileType = file.xib; path = DetailCell.xib; sourceTree = "<group>"; };
		5BF979471C0290CB00F005EC /* SubtitleDetailCell.xib */ = {isa = PBXFileReference; fileEncoding = 4; lastKnownFileType = file.xib; path = SubtitleDetailCell.xib; sourceTree = "<group>"; };
		5BF979501C02A7F400F005EC /* MemoTextfieldCell.swift */ = {isa = PBXFileReference; fileEncoding = 4; lastKnownFileType = sourcecode.swift; path = MemoTextfieldCell.swift; sourceTree = "<group>"; };
		5BFCB0D71C84F1880004C3B6 /* WelcomeViewController.swift */ = {isa = PBXFileReference; fileEncoding = 4; lastKnownFileType = sourcecode.swift; path = WelcomeViewController.swift; sourceTree = "<group>"; };
		9320D56E1A74625B0013018C /* MarshalOperator.swift */ = {isa = PBXFileReference; fileEncoding = 4; lastKnownFileType = sourcecode.swift; path = MarshalOperator.swift; sourceTree = "<group>"; };
		9320D5751A746E8F0013018C /* Time to Budget Tests.xctest */ = {isa = PBXFileReference; explicitFileType = wrapper.cfbundle; includeInIndex = 0; path = "Time to Budget Tests.xctest"; sourceTree = BUILT_PRODUCTS_DIR; };
		9320D5781A746E900013018C /* Info.plist */ = {isa = PBXFileReference; lastKnownFileType = text.plist.xml; path = Info.plist; sourceTree = "<group>"; };
		9320D5881A7476A50013018C /* Time_Tests.swift */ = {isa = PBXFileReference; fileEncoding = 4; lastKnownFileType = sourcecode.swift; path = Time_Tests.swift; sourceTree = "<group>"; };
		93223B481A86840500365D3A /* RecordEditorViewController.swift */ = {isa = PBXFileReference; fileEncoding = 4; lastKnownFileType = sourcecode.swift; path = RecordEditorViewController.swift; sourceTree = "<group>"; };
		9385F1731AA397C8000C8726 /* SettingsViewController.swift */ = {isa = PBXFileReference; fileEncoding = 4; lastKnownFileType = sourcecode.swift; path = SettingsViewController.swift; sourceTree = "<group>"; };
		9385F1751AA39D30000C8726 /* TaskEditorViewController.swift */ = {isa = PBXFileReference; fileEncoding = 4; lastKnownFileType = sourcecode.swift; path = TaskEditorViewController.swift; sourceTree = "<group>"; };
		9385F1771AA3A248000C8726 /* NameTextfieldCell.swift */ = {isa = PBXFileReference; fileEncoding = 4; lastKnownFileType = sourcecode.swift; path = NameTextfieldCell.swift; sourceTree = "<group>"; };
		9385F1791AA3C3A3000C8726 /* TaskEditorTimePickerViewController.swift */ = {isa = PBXFileReference; fileEncoding = 4; lastKnownFileType = sourcecode.swift; path = TaskEditorTimePickerViewController.swift; sourceTree = "<group>"; };
		9385F17B1AA3C805000C8726 /* TaskEditorCategorySelectorViewController.swift */ = {isa = PBXFileReference; fileEncoding = 4; lastKnownFileType = sourcecode.swift; path = TaskEditorCategorySelectorViewController.swift; sourceTree = "<group>"; };
		93967CB91AB22D2000D46CF6 /* BudgetHistoryListViewController.swift */ = {isa = PBXFileReference; fileEncoding = 4; lastKnownFileType = sourcecode.swift; path = BudgetHistoryListViewController.swift; sourceTree = "<group>"; };
		93967CBC1AB22D4900D46CF6 /* BudgetHistoryRecordsViewController.swift */ = {isa = PBXFileReference; fileEncoding = 4; lastKnownFileType = sourcecode.swift; path = BudgetHistoryRecordsViewController.swift; sourceTree = "<group>"; };
		93967CBE1AB22D5800D46CF6 /* BudgetHistoryRecordViewController.swift */ = {isa = PBXFileReference; fileEncoding = 4; lastKnownFileType = sourcecode.swift; path = BudgetHistoryRecordViewController.swift; sourceTree = "<group>"; };
		93967CC01AB2310900D46CF6 /* BudgetHistoryViewController.swift */ = {isa = PBXFileReference; fileEncoding = 4; lastKnownFileType = sourcecode.swift; path = BudgetHistoryViewController.swift; sourceTree = "<group>"; };
		939DB88F1AA2CD330047C108 /* SubtitleDetailCell.swift */ = {isa = PBXFileReference; fileEncoding = 4; lastKnownFileType = sourcecode.swift; path = SubtitleDetailCell.swift; sourceTree = "<group>"; };
		93B2E5F21A9032B80058372F /* RecordEditorTaskSelectorViewController.swift */ = {isa = PBXFileReference; fileEncoding = 4; lastKnownFileType = sourcecode.swift; path = RecordEditorTaskSelectorViewController.swift; sourceTree = "<group>"; };
		93B2E5F41A903E790058372F /* RecordEditorTimePickerViewController.swift */ = {isa = PBXFileReference; fileEncoding = 4; lastKnownFileType = sourcecode.swift; path = RecordEditorTimePickerViewController.swift; sourceTree = "<group>"; };
		93B2E5F61A903E890058372F /* RecordEditorDatePickerViewController.swift */ = {isa = PBXFileReference; fileEncoding = 4; lastKnownFileType = sourcecode.swift; path = RecordEditorDatePickerViewController.swift; sourceTree = "<group>"; };
		93BC90441A74C84200A63932 /* Database_Tests.swift */ = {isa = PBXFileReference; fileEncoding = 4; lastKnownFileType = sourcecode.swift; path = Database_Tests.swift; sourceTree = "<group>"; };
		93CBED511AAB4C2000079482 /* Time to Budget.entitlements */ = {isa = PBXFileReference; lastKnownFileType = text.xml; path = "Time to Budget.entitlements"; sourceTree = "<group>"; };
		93F0E4E71A720B64009D95EC /* Time to Budget.app */ = {isa = PBXFileReference; explicitFileType = wrapper.application; includeInIndex = 0; path = "Time to Budget.app"; sourceTree = BUILT_PRODUCTS_DIR; };
		93F0E4EB1A720B64009D95EC /* Info.plist */ = {isa = PBXFileReference; lastKnownFileType = text.plist.xml; name = Info.plist; path = "Time to Budget/Info.plist"; sourceTree = "<group>"; };
		93F0E4EC1A720B64009D95EC /* AppDelegate.swift */ = {isa = PBXFileReference; lastKnownFileType = sourcecode.swift; path = AppDelegate.swift; sourceTree = "<group>"; };
		93F0E4F31A720B64009D95EC /* Images.xcassets */ = {isa = PBXFileReference; lastKnownFileType = folder.assetcatalog; path = Images.xcassets; sourceTree = "<group>"; };
		93F0E4F61A720B64009D95EC /* Base */ = {isa = PBXFileReference; lastKnownFileType = file.xib; name = Base; path = Base.lproj/LaunchScreen.xib; sourceTree = "<group>"; };
		93F0E50C1A720BD4009D95EC /* iPhone.storyboard */ = {isa = PBXFileReference; fileEncoding = 4; lastKnownFileType = file.storyboard; path = iPhone.storyboard; sourceTree = "<group>"; };
		93F0E5101A720BF4009D95EC /* Category.swift */ = {isa = PBXFileReference; fileEncoding = 4; lastKnownFileType = sourcecode.swift; path = Category.swift; sourceTree = "<group>"; };
		93F0E5111A720BF4009D95EC /* CategoryCell.swift */ = {isa = PBXFileReference; fileEncoding = 4; lastKnownFileType = sourcecode.swift; path = CategoryCell.swift; sourceTree = "<group>"; };
		93F0E5141A720BF4009D95EC /* Factory.swift */ = {isa = PBXFileReference; fileEncoding = 4; lastKnownFileType = sourcecode.swift; path = Factory.swift; sourceTree = "<group>"; };
		93F0E5151A720BF4009D95EC /* Record.swift */ = {isa = PBXFileReference; fileEncoding = 4; lastKnownFileType = sourcecode.swift; path = Record.swift; sourceTree = "<group>"; };
		93F0E5161A720BF4009D95EC /* RecordsViewController.swift */ = {isa = PBXFileReference; fileEncoding = 4; lastKnownFileType = sourcecode.swift; path = RecordsViewController.swift; sourceTree = "<group>"; };
		93F0E5171A720BF4009D95EC /* Task.swift */ = {isa = PBXFileReference; fileEncoding = 4; lastKnownFileType = sourcecode.swift; path = Task.swift; sourceTree = "<group>"; };
		93F0E51A1A720BF4009D95EC /* Time.swift */ = {isa = PBXFileReference; fileEncoding = 4; lastKnownFileType = sourcecode.swift; path = Time.swift; sourceTree = "<group>"; };
		93F0E53B1A721396009D95EC /* Database.swift */ = {isa = PBXFileReference; fileEncoding = 4; lastKnownFileType = sourcecode.swift; path = Database.swift; sourceTree = "<group>"; };
		93F0E53D1A7214E1009D95EC /* Budget.swift */ = {isa = PBXFileReference; fileEncoding = 4; lastKnownFileType = sourcecode.swift; path = Budget.swift; sourceTree = "<group>"; };
		93F0E53F1A72194D009D95EC /* BudgetEditorViewController.swift */ = {isa = PBXFileReference; fileEncoding = 4; lastKnownFileType = sourcecode.swift; path = BudgetEditorViewController.swift; sourceTree = "<group>"; };
		93F0E5411A721960009D95EC /* BudgetViewController.swift */ = {isa = PBXFileReference; fileEncoding = 4; lastKnownFileType = sourcecode.swift; path = BudgetViewController.swift; sourceTree = "<group>"; };
/* End PBXFileReference section */

/* Begin PBXFrameworksBuildPhase section */
		5BF78C421BD86F8A0082F1BC /* Frameworks */ = {
			isa = PBXFrameworksBuildPhase;
			buildActionMask = 2147483647;
			files = (
			);
			runOnlyForDeploymentPostprocessing = 0;
		};
		9320D5721A746E8F0013018C /* Frameworks */ = {
			isa = PBXFrameworksBuildPhase;
			buildActionMask = 2147483647;
			files = (
			);
			runOnlyForDeploymentPostprocessing = 0;
		};
		93F0E4E41A720B64009D95EC /* Frameworks */ = {
			isa = PBXFrameworksBuildPhase;
			buildActionMask = 2147483647;
			files = (
				5B9DE8B31C6E7AF40065BFCA /* Realm.framework in Frameworks */,
				5B55BC7D1C6A9D04005B81F7 /* Instructions.framework in Frameworks */,
				5B9DE8B51C6E7AF40065BFCA /* RealmSwift.framework in Frameworks */,
			);
			runOnlyForDeploymentPostprocessing = 0;
		};
/* End PBXFrameworksBuildPhase section */

/* Begin PBXGroup section */
		5B3812871C6A92D500685294 /* Instructions */ = {
			isa = PBXGroup;
			children = (
				5B536D681C6A96F60007081C /* Instructions.framework */,
			);
			name = Instructions;
			sourceTree = "<group>";
		};
		5B6937391C067FC4002847B0 /* Budget View */ = {
			isa = PBXGroup;
			children = (
				93F0E5161A720BF4009D95EC /* RecordsViewController.swift */,
			);
			name = "Budget View";
			sourceTree = "<group>";
		};
		5B7972C71BAA5B0300BAF7C4 /* Realm */ = {
			isa = PBXGroup;
			children = (
				5B9DE8AB1C6E7ADF0065BFCA /* Realm.framework */,
				5B9DE8AD1C6E7ADF0065BFCA /* RealmSwift.framework */,
			);
			name = Realm;
			path = ..;
			sourceTree = "<group>";
		};
		5BF78C461BD86F8A0082F1BC /* Time to Budget UITests */ = {
			isa = PBXGroup;
			children = (
				5BF78C471BD86F8A0082F1BC /* Time_to_Budget_UITests.swift */,
				5BF78C491BD86F8A0082F1BC /* Info.plist */,
			);
			path = "Time to Budget UITests";
			sourceTree = "<group>";
		};
		5BF9794E1C0290EF00F005EC /* UI */ = {
			isa = PBXGroup;
			children = (
				93F0E50C1A720BD4009D95EC /* iPhone.storyboard */,
				93F0E4F51A720B64009D95EC /* LaunchScreen.xib */,
				5BF9794F1C0290FF00F005EC /* Headers & Cells */,
			);
			name = UI;
			sourceTree = "<group>";
		};
		5BF9794F1C0290FF00F005EC /* Headers & Cells */ = {
			isa = PBXGroup;
			children = (
				93F0E5111A720BF4009D95EC /* CategoryCell.swift */,
				5BF979441C0290CB00F005EC /* CategoryCell.xib */,
				5B922F091BDA7C4E00F851D3 /* DetailCell.swift */,
				5BF979451C0290CB00F005EC /* DetailCell.xib */,
				5BF979501C02A7F400F005EC /* MemoTextfieldCell.swift */,
				9385F1771AA3A248000C8726 /* NameTextfieldCell.swift */,
				5B3BCDEF1C07B5B9007C8A2E /* CategoryView.swift */,
				5B3BCDED1C07B1C2007C8A2E /* CategoryView.xib */,
				939DB88F1AA2CD330047C108 /* SubtitleDetailCell.swift */,
				5BF979471C0290CB00F005EC /* SubtitleDetailCell.xib */,
			);
			name = "Headers & Cells";
			sourceTree = "<group>";
		};
		5BFCB0D61C84F1750004C3B6 /* Welcome Screen */ = {
			isa = PBXGroup;
			children = (
				5BFCB0D71C84F1880004C3B6 /* WelcomeViewController.swift */,
				5B16AA2E1C8676A70019E4F8 /* WelcomeButtonsController.swift */,
			);
			name = "Welcome Screen";
			sourceTree = "<group>";
		};
		9320D5761A746E900013018C /* Time to Budget Tests */ = {
			isa = PBXGroup;
			children = (
				93BC90441A74C84200A63932 /* Database_Tests.swift */,
				9320D5881A7476A50013018C /* Time_Tests.swift */,
				9320D5781A746E900013018C /* Info.plist */,
			);
			path = "Time to Budget Tests";
			sourceTree = "<group>";
		};
		9385F1661AA36B63000C8726 /* Task Editor */ = {
			isa = PBXGroup;
			children = (
				9385F1751AA39D30000C8726 /* TaskEditorViewController.swift */,
				9385F17B1AA3C805000C8726 /* TaskEditorCategorySelectorViewController.swift */,
				9385F1791AA3C3A3000C8726 /* TaskEditorTimePickerViewController.swift */,
			);
			name = "Task Editor";
			sourceTree = "<group>";
		};
		93967CBB1AB22D2600D46CF6 /* Budget History View */ = {
			isa = PBXGroup;
			children = (
				93967CC01AB2310900D46CF6 /* BudgetHistoryViewController.swift */,
				93967CBC1AB22D4900D46CF6 /* BudgetHistoryRecordsViewController.swift */,
				93967CBE1AB22D5800D46CF6 /* BudgetHistoryRecordViewController.swift */,
			);
			name = "Budget History View";
			sourceTree = "<group>";
		};
		93B2E5F81A903EA80058372F /* Record Editor */ = {
			isa = PBXGroup;
			children = (
				93223B481A86840500365D3A /* RecordEditorViewController.swift */,
				93B2E5F21A9032B80058372F /* RecordEditorTaskSelectorViewController.swift */,
				93B2E5F41A903E790058372F /* RecordEditorTimePickerViewController.swift */,
				93B2E5F61A903E890058372F /* RecordEditorDatePickerViewController.swift */,
			);
			name = "Record Editor";
			sourceTree = "<group>";
		};
		93B2E5F91A903EC40058372F /* Tab Bar Views */ = {
			isa = PBXGroup;
			children = (
				93F0E5411A721960009D95EC /* BudgetViewController.swift */,
				9385F1731AA397C8000C8726 /* SettingsViewController.swift */,
				93F0E53F1A72194D009D95EC /* BudgetEditorViewController.swift */,
				93967CB91AB22D2000D46CF6 /* BudgetHistoryListViewController.swift */,
			);
			name = "Tab Bar Views";
			sourceTree = "<group>";
		};
		93F0E4DE1A720B64009D95EC = {
			isa = PBXGroup;
			children = (
				93F0E4E91A720B64009D95EC /* Time to Budget */,
				93F0E4EB1A720B64009D95EC /* Info.plist */,
				9320D5761A746E900013018C /* Time to Budget Tests */,
				5BF78C461BD86F8A0082F1BC /* Time to Budget UITests */,
				93F0E4E81A720B64009D95EC /* Products */,
			);
			sourceTree = "<group>";
		};
		93F0E4E81A720B64009D95EC /* Products */ = {
			isa = PBXGroup;
			children = (
				93F0E4E71A720B64009D95EC /* Time to Budget.app */,
				9320D5751A746E8F0013018C /* Time to Budget Tests.xctest */,
				5BF78C451BD86F8A0082F1BC /* Time to Budget UITests.xctest */,
			);
			name = Products;
			sourceTree = "<group>";
		};
		93F0E4E91A720B64009D95EC /* Time to Budget */ = {
			isa = PBXGroup;
			children = (
				93CBED511AAB4C2000079482 /* Time to Budget.entitlements */,
				93F0E4F31A720B64009D95EC /* Images.xcassets */,
				93F0E4EC1A720B64009D95EC /* AppDelegate.swift */,
				93F0E52E1A720BFD009D95EC /* iPhone View Controllers */,
				93F0E52F1A720C38009D95EC /* Support Classes */,
				93F0E5301A720C6D009D95EC /* Database */,
				5BF9794E1C0290EF00F005EC /* UI */,
				93F0E4EA1A720B64009D95EC /* Dependancies */,
			);
			path = "Time to Budget";
			sourceTree = "<group>";
		};
		93F0E4EA1A720B64009D95EC /* Dependancies */ = {
			isa = PBXGroup;
			children = (
				5B7972C71BAA5B0300BAF7C4 /* Realm */,
				5B3812871C6A92D500685294 /* Instructions */,
			);
			name = Dependancies;
			sourceTree = "<group>";
		};
		93F0E52E1A720BFD009D95EC /* iPhone View Controllers */ = {
			isa = PBXGroup;
			children = (
				93B2E5F91A903EC40058372F /* Tab Bar Views */,
				5B6937391C067FC4002847B0 /* Budget View */,
				93B2E5F81A903EA80058372F /* Record Editor */,
				9385F1661AA36B63000C8726 /* Task Editor */,
				93967CBB1AB22D2600D46CF6 /* Budget History View */,
				5BFCB0D61C84F1750004C3B6 /* Welcome Screen */,
			);
			name = "iPhone View Controllers";
			sourceTree = "<group>";
		};
		93F0E52F1A720C38009D95EC /* Support Classes */ = {
			isa = PBXGroup;
			children = (
				93F0E5141A720BF4009D95EC /* Factory.swift */,
				9320D56E1A74625B0013018C /* MarshalOperator.swift */,
				5B9679FB1BBE13D400DBEB61 /* Protocol.swift */,
				5BB55CB61BA8ABF700F43891 /* Style.swift */,
				93F0E51A1A720BF4009D95EC /* Time.swift */,
				5B9DE8A91C6D2D3A0065BFCA /* Tutorial.swift */,
			);
			name = "Support Classes";
			sourceTree = "<group>";
		};
		93F0E5301A720C6D009D95EC /* Database */ = {
			isa = PBXGroup;
			children = (
				93F0E53B1A721396009D95EC /* Database.swift */,
				93F0E53D1A7214E1009D95EC /* Budget.swift */,
				93F0E5101A720BF4009D95EC /* Category.swift */,
				93F0E5151A720BF4009D95EC /* Record.swift */,
				93F0E5171A720BF4009D95EC /* Task.swift */,
				5BDE19091C1A2E8400DF8F95 /* Clock.swift */,
			);
			name = Database;
			sourceTree = "<group>";
		};
/* End PBXGroup section */

/* Begin PBXNativeTarget section */
		5BF78C441BD86F8A0082F1BC /* Time to Budget UITests */ = {
			isa = PBXNativeTarget;
			buildConfigurationList = 5BF78C4C1BD86F8A0082F1BC /* Build configuration list for PBXNativeTarget "Time to Budget UITests" */;
			buildPhases = (
				5BF78C411BD86F8A0082F1BC /* Sources */,
				5BF78C421BD86F8A0082F1BC /* Frameworks */,
				5BF78C431BD86F8A0082F1BC /* Resources */,
			);
			buildRules = (
			);
			dependencies = (
				5BF78C4B1BD86F8A0082F1BC /* PBXTargetDependency */,
			);
			name = "Time to Budget UITests";
			productName = "Time to Budget UITests";
			productReference = 5BF78C451BD86F8A0082F1BC /* Time to Budget UITests.xctest */;
			productType = "com.apple.product-type.bundle.ui-testing";
		};
		9320D5741A746E8F0013018C /* Time to Budget Tests */ = {
			isa = PBXNativeTarget;
			buildConfigurationList = 9320D57D1A746E900013018C /* Build configuration list for PBXNativeTarget "Time to Budget Tests" */;
			buildPhases = (
				9320D5711A746E8F0013018C /* Sources */,
				9320D5721A746E8F0013018C /* Frameworks */,
				9320D5731A746E8F0013018C /* Resources */,
			);
			buildRules = (
			);
			dependencies = (
				9320D57C1A746E900013018C /* PBXTargetDependency */,
			);
			name = "Time to Budget Tests";
			productName = "Time to Budget Tests";
			productReference = 9320D5751A746E8F0013018C /* Time to Budget Tests.xctest */;
			productType = "com.apple.product-type.bundle.unit-test";
		};
		93F0E4E61A720B64009D95EC /* Time to Budget */ = {
			isa = PBXNativeTarget;
			buildConfigurationList = 93F0E5061A720B65009D95EC /* Build configuration list for PBXNativeTarget "Time to Budget" */;
			buildPhases = (
				93F0E4E31A720B64009D95EC /* Sources */,
				93F0E4E41A720B64009D95EC /* Frameworks */,
				93F0E4E51A720B64009D95EC /* Resources */,
				5BF78C401BD85B420082F1BC /* Embed Frameworks */,
				5B17E2441BDF2F240014CF2D /* ShellScript */,
			);
			buildRules = (
			);
			dependencies = (
			);
			name = "Time to Budget";
			productName = "Time to Budget";
			productReference = 93F0E4E71A720B64009D95EC /* Time to Budget.app */;
			productType = "com.apple.product-type.application";
		};
/* End PBXNativeTarget section */

/* Begin PBXProject section */
		93F0E4DF1A720B64009D95EC /* Project object */ = {
			isa = PBXProject;
			attributes = {
				LastSwiftMigration = 0700;
				LastSwiftUpdateCheck = 0710;
				LastUpgradeCheck = 0700;
				ORGANIZATIONNAME = "Arrken Software, LLC";
				TargetAttributes = {
					5BF78C441BD86F8A0082F1BC = {
						CreatedOnToolsVersion = 7.1;
						TestTargetID = 93F0E4E61A720B64009D95EC;
					};
					9320D5741A746E8F0013018C = {
						CreatedOnToolsVersion = 6.1.1;
						TestTargetID = 93F0E4E61A720B64009D95EC;
					};
					93F0E4E61A720B64009D95EC = {
						CreatedOnToolsVersion = 6.1.1;
						DevelopmentTeam = 2LHJ7M29TL;
						SystemCapabilities = {
							com.apple.iCloud = {
								enabled = 0;
							};
						};
					};
				};
			};
			buildConfigurationList = 93F0E4E21A720B64009D95EC /* Build configuration list for PBXProject "Time to Budget" */;
			compatibilityVersion = "Xcode 6.3";
			developmentRegion = English;
			hasScannedForEncodings = 0;
			knownRegions = (
				en,
				Base,
			);
			mainGroup = 93F0E4DE1A720B64009D95EC;
			productRefGroup = 93F0E4E81A720B64009D95EC /* Products */;
			projectDirPath = "";
			projectRoot = "";
			targets = (
				93F0E4E61A720B64009D95EC /* Time to Budget */,
				9320D5741A746E8F0013018C /* Time to Budget Tests */,
				5BF78C441BD86F8A0082F1BC /* Time to Budget UITests */,
			);
		};
/* End PBXProject section */

/* Begin PBXResourcesBuildPhase section */
		5BF78C431BD86F8A0082F1BC /* Resources */ = {
			isa = PBXResourcesBuildPhase;
			buildActionMask = 2147483647;
			files = (
			);
			runOnlyForDeploymentPostprocessing = 0;
		};
		9320D5731A746E8F0013018C /* Resources */ = {
			isa = PBXResourcesBuildPhase;
			buildActionMask = 2147483647;
			files = (
			);
			runOnlyForDeploymentPostprocessing = 0;
		};
		93F0E4E51A720B64009D95EC /* Resources */ = {
			isa = PBXResourcesBuildPhase;
			buildActionMask = 2147483647;
			files = (
				5BF979491C0290CB00F005EC /* CategoryCell.xib in Resources */,
				5BF9794A1C0290CB00F005EC /* DetailCell.xib in Resources */,
				93F0E4F71A720B64009D95EC /* LaunchScreen.xib in Resources */,
				93F0E50D1A720BD4009D95EC /* iPhone.storyboard in Resources */,
				5BF9794C1C0290CB00F005EC /* SubtitleDetailCell.xib in Resources */,
				93F0E4F41A720B64009D95EC /* Images.xcassets in Resources */,
				5B3BCDEE1C07B1C2007C8A2E /* CategoryView.xib in Resources */,
			);
			runOnlyForDeploymentPostprocessing = 0;
		};
/* End PBXResourcesBuildPhase section */

/* Begin PBXShellScriptBuildPhase section */
		5B17E2441BDF2F240014CF2D /* ShellScript */ = {
			isa = PBXShellScriptBuildPhase;
			buildActionMask = 2147483647;
			files = (
			);
			inputPaths = (
			);
			outputPaths = (
			);
			runOnlyForDeploymentPostprocessing = 0;
			shellPath = /bin/sh;
			shellScript = "bash \"${BUILT_PRODUCTS_DIR}/${FRAMEWORKS_FOLDER_PATH}/Realm.framework/strip-frameworks.sh\"";
		};
/* End PBXShellScriptBuildPhase section */

/* Begin PBXSourcesBuildPhase section */
		5BF78C411BD86F8A0082F1BC /* Sources */ = {
			isa = PBXSourcesBuildPhase;
			buildActionMask = 2147483647;
			files = (
				5BF78C481BD86F8A0082F1BC /* Time_to_Budget_UITests.swift in Sources */,
			);
			runOnlyForDeploymentPostprocessing = 0;
		};
		9320D5711A746E8F0013018C /* Sources */ = {
			isa = PBXSourcesBuildPhase;
			buildActionMask = 2147483647;
			files = (
				5B3140401BFBA2DA003644D9 /* Database_Tests.swift in Sources */,
				5BB60D4D1BD00D57003408D0 /* Time_Tests.swift in Sources */,
			);
			runOnlyForDeploymentPostprocessing = 0;
		};
		93F0E4E31A720B64009D95EC /* Sources */ = {
			isa = PBXSourcesBuildPhase;
			buildActionMask = 2147483647;
			files = (
				5B3BCDF01C07B5B9007C8A2E /* CategoryView.swift in Sources */,
				93967CBD1AB22D4900D46CF6 /* BudgetHistoryRecordsViewController.swift in Sources */,
				93F0E5241A720BF4009D95EC /* Factory.swift in Sources */,
				5B922F0A1BDA7C4E00F851D3 /* DetailCell.swift in Sources */,
				93F0E53E1A7214E1009D95EC /* Budget.swift in Sources */,
				93F0E5401A72194D009D95EC /* BudgetEditorViewController.swift in Sources */,
				5BFCB0D81C84F1880004C3B6 /* WelcomeViewController.swift in Sources */,
				5BDE190A1C1A2E8400DF8F95 /* Clock.swift in Sources */,
				93B2E5F51A903E790058372F /* RecordEditorTimePickerViewController.swift in Sources */,
				5BB55CB71BA8ABF700F43891 /* Style.swift in Sources */,
				93F0E5421A721960009D95EC /* BudgetViewController.swift in Sources */,
				9385F17C1AA3C805000C8726 /* TaskEditorCategorySelectorViewController.swift in Sources */,
				9385F1781AA3A248000C8726 /* NameTextfieldCell.swift in Sources */,
				93967CBF1AB22D5800D46CF6 /* BudgetHistoryRecordViewController.swift in Sources */,
				93F0E52A1A720BF4009D95EC /* Time.swift in Sources */,
				93F0E5251A720BF4009D95EC /* Record.swift in Sources */,
				93223B491A86840500365D3A /* RecordEditorViewController.swift in Sources */,
				939DB8901AA2CD330047C108 /* SubtitleDetailCell.swift in Sources */,
				93F0E5271A720BF4009D95EC /* Task.swift in Sources */,
				9385F1761AA39D30000C8726 /* TaskEditorViewController.swift in Sources */,
				5B16AA2F1C8676A70019E4F8 /* WelcomeButtonsController.swift in Sources */,
				5B9DE8AA1C6D2D3A0065BFCA /* Tutorial.swift in Sources */,
				9320D56F1A74625B0013018C /* MarshalOperator.swift in Sources */,
				5B9679FC1BBE13D400DBEB61 /* Protocol.swift in Sources */,
				93967CC11AB2310900D46CF6 /* BudgetHistoryViewController.swift in Sources */,
				93F0E4ED1A720B64009D95EC /* AppDelegate.swift in Sources */,
				93F0E53C1A721396009D95EC /* Database.swift in Sources */,
				5BF979511C02A7F400F005EC /* MemoTextfieldCell.swift in Sources */,
				93F0E5201A720BF4009D95EC /* Category.swift in Sources */,
				93967CBA1AB22D2000D46CF6 /* BudgetHistoryListViewController.swift in Sources */,
				93B2E5F71A903E890058372F /* RecordEditorDatePickerViewController.swift in Sources */,
				93F0E5211A720BF4009D95EC /* CategoryCell.swift in Sources */,
				9385F1741AA397C8000C8726 /* SettingsViewController.swift in Sources */,
				9385F17A1AA3C3A3000C8726 /* TaskEditorTimePickerViewController.swift in Sources */,
				93B2E5F31A9032B80058372F /* RecordEditorTaskSelectorViewController.swift in Sources */,
				93F0E5261A720BF4009D95EC /* RecordsViewController.swift in Sources */,
			);
			runOnlyForDeploymentPostprocessing = 0;
		};
/* End PBXSourcesBuildPhase section */

/* Begin PBXTargetDependency section */
		5BF78C4B1BD86F8A0082F1BC /* PBXTargetDependency */ = {
			isa = PBXTargetDependency;
			target = 93F0E4E61A720B64009D95EC /* Time to Budget */;
			targetProxy = 5BF78C4A1BD86F8A0082F1BC /* PBXContainerItemProxy */;
		};
		9320D57C1A746E900013018C /* PBXTargetDependency */ = {
			isa = PBXTargetDependency;
			target = 93F0E4E61A720B64009D95EC /* Time to Budget */;
			targetProxy = 9320D57B1A746E900013018C /* PBXContainerItemProxy */;
		};
/* End PBXTargetDependency section */

/* Begin PBXVariantGroup section */
		93F0E4F51A720B64009D95EC /* LaunchScreen.xib */ = {
			isa = PBXVariantGroup;
			children = (
				93F0E4F61A720B64009D95EC /* Base */,
			);
			name = LaunchScreen.xib;
			sourceTree = "<group>";
		};
/* End PBXVariantGroup section */

/* Begin XCBuildConfiguration section */
		5BF78C4D1BD86F8A0082F1BC /* Debug */ = {
			isa = XCBuildConfiguration;
			buildSettings = {
				DEBUG_INFORMATION_FORMAT = dwarf;
				ENABLE_BITCODE = YES;
				FRAMEWORK_SEARCH_PATHS = "$(PROJECT_DIR)";
				GCC_NO_COMMON_BLOCKS = YES;
				INFOPLIST_FILE = "Time to Budget UITests/Info.plist";
				IPHONEOS_DEPLOYMENT_TARGET = 9.0;
				LD_RUNPATH_SEARCH_PATHS = "$(inherited) @executable_path/Frameworks @loader_path/Frameworks";
				PRODUCT_BUNDLE_IDENTIFIER = "arrken.Time-to-Budget-UITests";
				PRODUCT_NAME = "$(TARGET_NAME)";
				TEST_TARGET_NAME = "Time to Budget";
				USES_XCTRUNNER = YES;
			};
			name = Debug;
		};
		5BF78C4E1BD86F8A0082F1BC /* Release */ = {
			isa = XCBuildConfiguration;
			buildSettings = {
				COPY_PHASE_STRIP = NO;
				DEBUG_INFORMATION_FORMAT = "dwarf-with-dsym";
				ENABLE_BITCODE = YES;
				FRAMEWORK_SEARCH_PATHS = "$(PROJECT_DIR)";
				GCC_NO_COMMON_BLOCKS = YES;
				INFOPLIST_FILE = "Time to Budget UITests/Info.plist";
				IPHONEOS_DEPLOYMENT_TARGET = 9.0;
				LD_RUNPATH_SEARCH_PATHS = "$(inherited) @executable_path/Frameworks @loader_path/Frameworks";
				PRODUCT_BUNDLE_IDENTIFIER = "arrken.Time-to-Budget-UITests";
				PRODUCT_NAME = "$(TARGET_NAME)";
				TEST_TARGET_NAME = "Time to Budget";
				USES_XCTRUNNER = YES;
			};
			name = Release;
		};
		9320D57E1A746E900013018C /* Debug */ = {
			isa = XCBuildConfiguration;
			buildSettings = {
				BUNDLE_LOADER = "$(TEST_HOST)";
				ENABLE_BITCODE = YES;
				FRAMEWORK_SEARCH_PATHS = (
					"$(inherited)",
					"$(PROJECT_DIR)",
				);
				GCC_PREPROCESSOR_DEFINITIONS = (
					"DEBUG=1",
					"$(inherited)",
				);
				INFOPLIST_FILE = "Time to Budget Tests/Info.plist";
				IPHONEOS_DEPLOYMENT_TARGET = 9.0;
				LD_RUNPATH_SEARCH_PATHS = "$(inherited) @executable_path/Frameworks @loader_path/Frameworks";
				PRODUCT_BUNDLE_IDENTIFIER = "com.arrken.$(PRODUCT_NAME:rfc1034identifier)";
				PRODUCT_NAME = "$(TARGET_NAME)";
				TEST_HOST = "$(BUILT_PRODUCTS_DIR)/Time to Budget.app/Time to Budget";
			};
			name = Debug;
		};
		9320D57F1A746E900013018C /* Release */ = {
			isa = XCBuildConfiguration;
			buildSettings = {
				BUNDLE_LOADER = "$(TEST_HOST)";
				ENABLE_BITCODE = YES;
				FRAMEWORK_SEARCH_PATHS = (
					"$(inherited)",
					"$(PROJECT_DIR)",
				);
				INFOPLIST_FILE = "Time to Budget Tests/Info.plist";
				IPHONEOS_DEPLOYMENT_TARGET = 9.0;
				LD_RUNPATH_SEARCH_PATHS = "$(inherited) @executable_path/Frameworks @loader_path/Frameworks";
				PRODUCT_BUNDLE_IDENTIFIER = "com.arrken.$(PRODUCT_NAME:rfc1034identifier)";
				PRODUCT_NAME = "$(TARGET_NAME)";
				TEST_HOST = "$(BUILT_PRODUCTS_DIR)/Time to Budget.app/Time to Budget";
			};
			name = Release;
		};
		93F0E5041A720B65009D95EC /* Debug */ = {
			isa = XCBuildConfiguration;
			buildSettings = {
				ALWAYS_SEARCH_USER_PATHS = NO;
				CLANG_CXX_LANGUAGE_STANDARD = "gnu++0x";
				CLANG_CXX_LIBRARY = "libc++";
				CLANG_ENABLE_MODULES = YES;
				CLANG_ENABLE_OBJC_ARC = YES;
				CLANG_WARN_BOOL_CONVERSION = YES;
				CLANG_WARN_CONSTANT_CONVERSION = YES;
				CLANG_WARN_DIRECT_OBJC_ISA_USAGE = YES_ERROR;
				CLANG_WARN_EMPTY_BODY = YES;
				CLANG_WARN_ENUM_CONVERSION = YES;
				CLANG_WARN_INT_CONVERSION = YES;
				CLANG_WARN_OBJC_ROOT_CLASS = YES_ERROR;
				CLANG_WARN_UNREACHABLE_CODE = YES;
				CLANG_WARN__DUPLICATE_METHOD_MATCH = YES;
				"CODE_SIGN_IDENTITY[sdk=iphoneos*]" = "iPhone Developer";
				COPY_PHASE_STRIP = NO;
				ENABLE_STRICT_OBJC_MSGSEND = YES;
				ENABLE_TESTABILITY = YES;
				GCC_C_LANGUAGE_STANDARD = gnu99;
				GCC_DYNAMIC_NO_PIC = NO;
				GCC_OPTIMIZATION_LEVEL = 0;
				GCC_PREPROCESSOR_DEFINITIONS = (
					"DEBUG=1",
					"$(inherited)",
				);
				GCC_SYMBOLS_PRIVATE_EXTERN = NO;
				GCC_WARN_64_TO_32_BIT_CONVERSION = YES;
				GCC_WARN_ABOUT_RETURN_TYPE = YES_ERROR;
				GCC_WARN_UNDECLARED_SELECTOR = YES;
				GCC_WARN_UNINITIALIZED_AUTOS = YES_AGGRESSIVE;
				GCC_WARN_UNUSED_FUNCTION = YES;
				GCC_WARN_UNUSED_VARIABLE = YES;
				IPHONEOS_DEPLOYMENT_TARGET = 9.0;
				MTL_ENABLE_DEBUG_INFO = YES;
				ONLY_ACTIVE_ARCH = YES;
				SDKROOT = iphoneos;
				SWIFT_OPTIMIZATION_LEVEL = "-Onone";
				TARGETED_DEVICE_FAMILY = "1,2";
			};
			name = Debug;
		};
		93F0E5051A720B65009D95EC /* Release */ = {
			isa = XCBuildConfiguration;
			buildSettings = {
				ALWAYS_SEARCH_USER_PATHS = NO;
				CLANG_CXX_LANGUAGE_STANDARD = "gnu++0x";
				CLANG_CXX_LIBRARY = "libc++";
				CLANG_ENABLE_MODULES = YES;
				CLANG_ENABLE_OBJC_ARC = YES;
				CLANG_WARN_BOOL_CONVERSION = YES;
				CLANG_WARN_CONSTANT_CONVERSION = YES;
				CLANG_WARN_DIRECT_OBJC_ISA_USAGE = YES_ERROR;
				CLANG_WARN_EMPTY_BODY = YES;
				CLANG_WARN_ENUM_CONVERSION = YES;
				CLANG_WARN_INT_CONVERSION = YES;
				CLANG_WARN_OBJC_ROOT_CLASS = YES_ERROR;
				CLANG_WARN_UNREACHABLE_CODE = YES;
				CLANG_WARN__DUPLICATE_METHOD_MATCH = YES;
				"CODE_SIGN_IDENTITY[sdk=iphoneos*]" = "iPhone Developer";
				COPY_PHASE_STRIP = YES;
				ENABLE_NS_ASSERTIONS = NO;
				ENABLE_STRICT_OBJC_MSGSEND = YES;
				GCC_C_LANGUAGE_STANDARD = gnu99;
				GCC_WARN_64_TO_32_BIT_CONVERSION = YES;
				GCC_WARN_ABOUT_RETURN_TYPE = YES_ERROR;
				GCC_WARN_UNDECLARED_SELECTOR = YES;
				GCC_WARN_UNINITIALIZED_AUTOS = YES_AGGRESSIVE;
				GCC_WARN_UNUSED_FUNCTION = YES;
				GCC_WARN_UNUSED_VARIABLE = YES;
				IPHONEOS_DEPLOYMENT_TARGET = 9.0;
				MTL_ENABLE_DEBUG_INFO = NO;
				SDKROOT = iphoneos;
				TARGETED_DEVICE_FAMILY = "1,2";
				VALIDATE_PRODUCT = YES;
			};
			name = Release;
		};
		93F0E5071A720B65009D95EC /* Debug */ = {
			isa = XCBuildConfiguration;
			buildSettings = {
				ASSETCATALOG_COMPILER_APPICON_NAME = AppIcon;
				CODE_SIGN_IDENTITY = "iPhone Developer";
				"CODE_SIGN_IDENTITY[sdk=iphoneos*]" = "iPhone Developer";
				DEFINES_MODULE = YES;
				ENABLE_BITCODE = YES;
				FRAMEWORK_SEARCH_PATHS = "$(PROJECT_DIR)";
				INFOPLIST_FILE = "Time to Budget/Info.plist";
				IPHONEOS_DEPLOYMENT_TARGET = 9.0;
				LD_RUNPATH_SEARCH_PATHS = "$(inherited) @executable_path/Frameworks";
				ONLY_ACTIVE_ARCH = NO;
				PRODUCT_BUNDLE_IDENTIFIER = "com.arrken.$(PRODUCT_NAME:rfc1034identifier)";
				PRODUCT_NAME = "$(TARGET_NAME)";
				PROVISIONING_PROFILE = "";
				TARGETED_DEVICE_FAMILY = 1;
				VALID_ARCHS = "arm64 armv7 armv7s";
			};
			name = Debug;
		};
		93F0E5081A720B65009D95EC /* Release */ = {
			isa = XCBuildConfiguration;
			buildSettings = {
				ASSETCATALOG_COMPILER_APPICON_NAME = AppIcon;
				CODE_SIGN_IDENTITY = "iPhone Developer";
				"CODE_SIGN_IDENTITY[sdk=iphoneos*]" = "iPhone Developer";
				COPY_PHASE_STRIP = YES;
				DEFINES_MODULE = YES;
				ENABLE_BITCODE = YES;
				FRAMEWORK_SEARCH_PATHS = "$(PROJECT_DIR)";
				INFOPLIST_FILE = "Time to Budget/Info.plist";
				IPHONEOS_DEPLOYMENT_TARGET = 9.0;
				LD_RUNPATH_SEARCH_PATHS = "$(inherited) @executable_path/Frameworks";
				ONLY_ACTIVE_ARCH = NO;
				PRODUCT_BUNDLE_IDENTIFIER = "com.arrken.$(PRODUCT_NAME:rfc1034identifier)";
				PRODUCT_NAME = "$(TARGET_NAME)";
				PROVISIONING_PROFILE = "";
				TARGETED_DEVICE_FAMILY = 1;
				VALID_ARCHS = "arm64 armv7 armv7s";
			};
			name = Release;
		};
/* End XCBuildConfiguration section */

/* Begin XCConfigurationList section */
		5BF78C4C1BD86F8A0082F1BC /* Build configuration list for PBXNativeTarget "Time to Budget UITests" */ = {
			isa = XCConfigurationList;
			buildConfigurations = (
				5BF78C4D1BD86F8A0082F1BC /* Debug */,
				5BF78C4E1BD86F8A0082F1BC /* Release */,
			);
			defaultConfigurationIsVisible = 0;
			defaultConfigurationName = Release;
		};
		9320D57D1A746E900013018C /* Build configuration list for PBXNativeTarget "Time to Budget Tests" */ = {
			isa = XCConfigurationList;
			buildConfigurations = (
				9320D57E1A746E900013018C /* Debug */,
				9320D57F1A746E900013018C /* Release */,
			);
			defaultConfigurationIsVisible = 0;
			defaultConfigurationName = Release;
		};
		93F0E4E21A720B64009D95EC /* Build configuration list for PBXProject "Time to Budget" */ = {
			isa = XCConfigurationList;
			buildConfigurations = (
				93F0E5041A720B65009D95EC /* Debug */,
				93F0E5051A720B65009D95EC /* Release */,
			);
			defaultConfigurationIsVisible = 0;
			defaultConfigurationName = Release;
		};
		93F0E5061A720B65009D95EC /* Build configuration list for PBXNativeTarget "Time to Budget" */ = {
			isa = XCConfigurationList;
			buildConfigurations = (
				93F0E5071A720B65009D95EC /* Debug */,
				93F0E5081A720B65009D95EC /* Release */,
			);
			defaultConfigurationIsVisible = 0;
			defaultConfigurationName = Release;
		};
/* End XCConfigurationList section */
	};
	rootObject = 93F0E4DF1A720B64009D95EC /* Project object */;
}
